
Microsoft Visual Studio Solution File, Format Version 12.00
# Visual Studio Version 16
VisualStudioVersion = 16.0.31702.278
MinimumVisualStudioVersion = 10.0.40219.1
Project("{FAE04EC0-301F-11D3-BF4B-00C04F79EFBC}") = "WebApplicationDotNetCore", "WebApplicationDotNetCore.csproj", "{4F19F6DD-E703-4224-938E-AB8F679511ED}"
EndProject
Global
	GlobalSection(SolutionConfigurationPlatforms) = preSolution
		Debug|Any CPU = Debug|Any CPU
		Release|Any CPU = Release|Any CPU
	EndGlobalSection
	GlobalSection(ProjectConfigurationPlatforms) = postSolution
		{4F19F6DD-E703-4224-938E-AB8F679511ED}.Debug|Any CPU.ActiveCfg = Debug|Any CPU
		{4F19F6DD-E703-4224-938E-AB8F679511ED}.Debug|Any CPU.Build.0 = Debug|Any CPU
		{4F19F6DD-E703-4224-938E-AB8F679511ED}.Release|Any CPU.ActiveCfg = Release|Any CPU
		{4F19F6DD-E703-4224-938E-AB8F679511ED}.Release|Any CPU.Build.0 = Release|Any CPU
	EndGlobalSection
	GlobalSection(SolutionProperties) = preSolution
		HideSolutionNode = FALSE
	EndGlobalSection
	GlobalSection(ExtensibilityGlobals) = postSolution
		SolutionGuid = {5B313BAF-E455-43EA-B212-921DDFFFF963}
	EndGlobalSection
EndGlobal
