
Microsoft Visual Studio Solution File, Format Version 12.00
# Visual Studio Version 16
VisualStudioVersion = 16.0.31702.278
MinimumVisualStudioVersion = 10.0.40219.1
Project("{FAE04EC0-301F-11D3-BF4B-00C04F79EFBC}") = "Entity_Framework_Dotnet", "Entity_Framework_Dotnet.csproj", "{30522AB1-0094-4469-A2B9-463367F053A3}"
EndProject
Global
	GlobalSection(SolutionConfigurationPlatforms) = preSolution
		Debug|Any CPU = Debug|Any CPU
		Release|Any CPU = Release|Any CPU
	EndGlobalSection
	GlobalSection(ProjectConfigurationPlatforms) = postSolution
		{30522AB1-0094-4469-A2B9-463367F053A3}.Debug|Any CPU.ActiveCfg = Debug|Any CPU
		{30522AB1-0094-4469-A2B9-463367F053A3}.Debug|Any CPU.Build.0 = Debug|Any CPU
		{30522AB1-0094-4469-A2B9-463367F053A3}.Release|Any CPU.ActiveCfg = Release|Any CPU
		{30522AB1-0094-4469-A2B9-463367F053A3}.Release|Any CPU.Build.0 = Release|Any CPU
	EndGlobalSection
	GlobalSection(SolutionProperties) = preSolution
		HideSolutionNode = FALSE
	EndGlobalSection
	GlobalSection(ExtensibilityGlobals) = postSolution
		SolutionGuid = {049973DE-CE20-4A79-A06A-04E02BDBA95A}
	EndGlobalSection
EndGlobal
